
Microsoft Visual Studio Solution File, Format Version 12.00
# Visual Studio Version 17
VisualStudioVersion = 17.14.36518.9 d17.14
MinimumVisualStudioVersion = 10.0.40219.1
Project("{8BC9CEB8-8B4A-11D0-8D11-00A0C91BC942}") = "MultiSensorApplication", "MultiSensorApplication\MultiSensorApplication.vcxproj", "{D850A298-379B-4D79-A551-516D4F74BCB7}"
EndProject
Global
	GlobalSection(SolutionConfigurationPlatforms) = preSolution
		Debug|x64 = Debug|x64
		Debug|x86 = Debug|x86
		Release|x64 = Release|x64
		Release|x86 = Release|x86
	EndGlobalSection
	GlobalSection(ProjectConfigurationPlatforms) = postSolution
		{D850A298-379B-4D79-A551-516D4F74BCB7}.Debug|x64.ActiveCfg = Debug|x64
		{D850A298-379B-4D79-A551-516D4F74BCB7}.Debug|x64.Build.0 = Debug|x64
		{D850A298-379B-4D79-A551-516D4F74BCB7}.Debug|x86.ActiveCfg = Debug|Win32
		{D850A298-379B-4D79-A551-516D4F74BCB7}.Debug|x86.Build.0 = Debug|Win32
		{D850A298-379B-4D79-A551-516D4F74BCB7}.Release|x64.ActiveCfg = Release|x64
		{D850A298-379B-4D79-A551-516D4F74BCB7}.Release|x64.Build.0 = Release|x64
		{D850A298-379B-4D79-A551-516D4F74BCB7}.Release|x86.ActiveCfg = Release|Win32
		{D850A298-379B-4D79-A551-516D4F74BCB7}.Release|x86.Build.0 = Release|Win32
	EndGlobalSection
	GlobalSection(SolutionProperties) = preSolution
		HideSolutionNode = FALSE
	EndGlobalSection
	GlobalSection(ExtensibilityGlobals) = postSolution
		SolutionGuid = {44B36E17-799B-4436-A752-C9CDC0D34F78}
	EndGlobalSection
EndGlobal
